
Microsoft Visual Studio Solution File, Format Version 12.00
# Visual Studio Version 17
VisualStudioVersion = 17.8.34408.163
MinimumVisualStudioVersion = 10.0.40219.1
Project("{FAE04EC0-301F-11D3-BF4B-00C04F79EFBC}") = "csharp-game", "csharp-game.csproj", "{9241E00C-B819-45CE-9A06-8D4972C450A2}"
EndProject
Global
	GlobalSection(SolutionConfigurationPlatforms) = preSolution
		Debug|Any CPU = Debug|Any CPU
		Release|Any CPU = Release|Any CPU
	EndGlobalSection
	GlobalSection(ProjectConfigurationPlatforms) = postSolution
		{9241E00C-B819-45CE-9A06-8D4972C450A2}.Debug|Any CPU.ActiveCfg = Debug|Any CPU
		{9241E00C-B819-45CE-9A06-8D4972C450A2}.Debug|Any CPU.Build.0 = Debug|Any CPU
		{9241E00C-B819-45CE-9A06-8D4972C450A2}.Release|Any CPU.ActiveCfg = Release|Any CPU
		{9241E00C-B819-45CE-9A06-8D4972C450A2}.Release|Any CPU.Build.0 = Release|Any CPU
	EndGlobalSection
	GlobalSection(SolutionProperties) = preSolution
		HideSolutionNode = FALSE
	EndGlobalSection
	GlobalSection(ExtensibilityGlobals) = postSolution
		SolutionGuid = {EF5E6915-13E0-4CE5-9434-B1B59AB88652}
	EndGlobalSection
EndGlobal
